// !$*UTF8*$!
{
	archiveVersion = 1;
	classes = {
	};
	objectVersion = 56;
	objects = {

/* Begin PBXBuildFile section */
		C1AEBCE02913F4D000CAD90A /* AppDelegate.swift in Sources */ = {isa = PBXBuildFile; fileRef = C1AEBCDF2913F4D000CAD90A /* AppDelegate.swift */; };
		C1AEBCE22913F4D000CAD90A /* SceneDelegate.swift in Sources */ = {isa = PBXBuildFile; fileRef = C1AEBCE12913F4D000CAD90A /* SceneDelegate.swift */; };
		C1AEBCE42913F4D000CAD90A /* ViewController.swift in Sources */ = {isa = PBXBuildFile; fileRef = C1AEBCE32913F4D000CAD90A /* ViewController.swift */; };
		C1AEBCE72913F4D000CAD90A /* Main.storyboard in Resources */ = {isa = PBXBuildFile; fileRef = C1AEBCE52913F4D000CAD90A /* Main.storyboard */; };
		C1AEBCEA2913F4D000CAD90A /* AppNotifica.xcdatamodeld in Sources */ = {isa = PBXBuildFile; fileRef = C1AEBCE82913F4D000CAD90A /* AppNotifica.xcdatamodeld */; };
		C1AEBCEC2913F4D200CAD90A /* Assets.xcassets in Resources */ = {isa = PBXBuildFile; fileRef = C1AEBCEB2913F4D200CAD90A /* Assets.xcassets */; };
		C1AEBCEF2913F4D200CAD90A /* LaunchScreen.storyboard in Resources */ = {isa = PBXBuildFile; fileRef = C1AEBCED2913F4D200CAD90A /* LaunchScreen.storyboard */; };
		C1AEBCFA2913F4D300CAD90A /* AppNotificaTests.swift in Sources */ = {isa = PBXBuildFile; fileRef = C1AEBCF92913F4D300CAD90A /* AppNotificaTests.swift */; };
		C1AEBD042913F4D300CAD90A /* AppNotificaUITests.swift in Sources */ = {isa = PBXBuildFile; fileRef = C1AEBD032913F4D300CAD90A /* AppNotificaUITests.swift */; };
		C1AEBD062913F4D300CAD90A /* AppNotificaUITestsLaunchTests.swift in Sources */ = {isa = PBXBuildFile; fileRef = C1AEBD052913F4D300CAD90A /* AppNotificaUITestsLaunchTests.swift */; };
/* End PBXBuildFile section */

/* Begin PBXContainerItemProxy section */
		C1AEBCF62913F4D300CAD90A /* PBXContainerItemProxy */ = {
			isa = PBXContainerItemProxy;
			containerPortal = C1AEBCD42913F4D000CAD90A /* Project object */;
			proxyType = 1;
			remoteGlobalIDString = C1AEBCDB2913F4D000CAD90A;
			remoteInfo = AppNotifica;
		};
		C1AEBD002913F4D300CAD90A /* PBXContainerItemProxy */ = {
			isa = PBXContainerItemProxy;
			containerPortal = C1AEBCD42913F4D000CAD90A /* Project object */;
			proxyType = 1;
			remoteGlobalIDString = C1AEBCDB2913F4D000CAD90A;
			remoteInfo = AppNotifica;
		};
/* End PBXContainerItemProxy section */

/* Begin PBXFileReference section */
		C1AEBCDC2913F4D000CAD90A /* AppNotifica.app */ = {isa = PBXFileReference; explicitFileType = wrapper.application; includeInIndex = 0; path = AppNotifica.app; sourceTree = BUILT_PRODUCTS_DIR; };
		C1AEBCDF2913F4D000CAD90A /* AppDelegate.swift */ = {isa = PBXFileReference; lastKnownFileType = sourcecode.swift; path = AppDelegate.swift; sourceTree = "<group>"; };
		C1AEBCE12913F4D000CAD90A /* SceneDelegate.swift */ = {isa = PBXFileReference; lastKnownFileType = sourcecode.swift; path = SceneDelegate.swift; sourceTree = "<group>"; };
		C1AEBCE32913F4D000CAD90A /* ViewController.swift */ = {isa = PBXFileReference; lastKnownFileType = sourcecode.swift; path = ViewController.swift; sourceTree = "<group>"; };
		C1AEBCE62913F4D000CAD90A /* Base */ = {isa = PBXFileReference; lastKnownFileType = file.storyboard; name = Base; path = Base.lproj/Main.storyboard; sourceTree = "<group>"; };
		C1AEBCE92913F4D000CAD90A /* AppNotifica.xcdatamodel */ = {isa = PBXFileReference; lastKnownFileType = wrapper.xcdatamodel; path = AppNotifica.xcdatamodel; sourceTree = "<group>"; };
		C1AEBCEB2913F4D200CAD90A /* Assets.xcassets */ = {isa = PBXFileReference; lastKnownFileType = folder.assetcatalog; path = Assets.xcassets; sourceTree = "<group>"; };
		C1AEBCEE2913F4D200CAD90A /* Base */ = {isa = PBXFileReference; lastKnownFileType = file.storyboard; name = Base; path = Base.lproj/LaunchScreen.storyboard; sourceTree = "<group>"; };
		C1AEBCF02913F4D200CAD90A /* Info.plist */ = {isa = PBXFileReference; lastKnownFileType = text.plist.xml; path = Info.plist; sourceTree = "<group>"; };
		C1AEBCF52913F4D300CAD90A /* AppNotificaTests.xctest */ = {isa = PBXFileReference; explicitFileType = wrapper.cfbundle; includeInIndex = 0; path = AppNotificaTests.xctest; sourceTree = BUILT_PRODUCTS_DIR; };
		C1AEBCF92913F4D300CAD90A /* AppNotificaTests.swift */ = {isa = PBXFileReference; lastKnownFileType = sourcecode.swift; path = AppNotificaTests.swift; sourceTree = "<group>"; };
		C1AEBCFF2913F4D300CAD90A /* AppNotificaUITests.xctest */ = {isa = PBXFileReference; explicitFileType = wrapper.cfbundle; includeInIndex = 0; path = AppNotificaUITests.xctest; sourceTree = BUILT_PRODUCTS_DIR; };
		C1AEBD032913F4D300CAD90A /* AppNotificaUITests.swift */ = {isa = PBXFileReference; lastKnownFileType = sourcecode.swift; path = AppNotificaUITests.swift; sourceTree = "<group>"; };
		C1AEBD052913F4D300CAD90A /* AppNotificaUITestsLaunchTests.swift */ = {isa = PBXFileReference; lastKnownFileType = sourcecode.swift; path = AppNotificaUITestsLaunchTests.swift; sourceTree = "<group>"; };
/* End PBXFileReference section */

/* Begin PBXFrameworksBuildPhase section */
		C1AEBCD92913F4D000CAD90A /* Frameworks */ = {
			isa = PBXFrameworksBuildPhase;
			buildActionMask = 2147483647;
			files = (
			);
			runOnlyForDeploymentPostprocessing = 0;
		};
		C1AEBCF22913F4D300CAD90A /* Frameworks */ = {
			isa = PBXFrameworksBuildPhase;
			buildActionMask = 2147483647;
			files = (
			);
			runOnlyForDeploymentPostprocessing = 0;
		};
		C1AEBCFC2913F4D300CAD90A /* Frameworks */ = {
			isa = PBXFrameworksBuildPhase;
			buildActionMask = 2147483647;
			files = (
			);
			runOnlyForDeploymentPostprocessing = 0;
		};
/* End PBXFrameworksBuildPhase section */

/* Begin PBXGroup section */
		C1AEBCD32913F4D000CAD90A = {
			isa = PBXGroup;
			children = (
				C1AEBCDE2913F4D000CAD90A /* AppNotifica */,
				C1AEBCF82913F4D300CAD90A /* AppNotificaTests */,
				C1AEBD022913F4D300CAD90A /* AppNotificaUITests */,
				C1AEBCDD2913F4D000CAD90A /* Products */,
			);
			sourceTree = "<group>";
		};
		C1AEBCDD2913F4D000CAD90A /* Products */ = {
			isa = PBXGroup;
			children = (
				C1AEBCDC2913F4D000CAD90A /* AppNotifica.app */,
				C1AEBCF52913F4D300CAD90A /* AppNotificaTests.xctest */,
				C1AEBCFF2913F4D300CAD90A /* AppNotificaUITests.xctest */,
			);
			name = Products;
			sourceTree = "<group>";
		};
		C1AEBCDE2913F4D000CAD90A /* AppNotifica */ = {
			isa = PBXGroup;
			children = (
				C1AEBCDF2913F4D000CAD90A /* AppDelegate.swift */,
				C1AEBCE12913F4D000CAD90A /* SceneDelegate.swift */,
				C1AEBCE32913F4D000CAD90A /* ViewController.swift */,
				C1AEBCE52913F4D000CAD90A /* Main.storyboard */,
				C1AEBCEB2913F4D200CAD90A /* Assets.xcassets */,
				C1AEBCED2913F4D200CAD90A /* LaunchScreen.storyboard */,
				C1AEBCF02913F4D200CAD90A /* Info.plist */,
				C1AEBCE82913F4D000CAD90A /* AppNotifica.xcdatamodeld */,
			);
			path = AppNotifica;
			sourceTree = "<group>";
		};
		C1AEBCF82913F4D300CAD90A /* AppNotificaTests */ = {
			isa = PBXGroup;
			children = (
				C1AEBCF92913F4D300CAD90A /* AppNotificaTests.swift */,
			);
			path = AppNotificaTests;
			sourceTree = "<group>";
		};
		C1AEBD022913F4D300CAD90A /* AppNotificaUITests */ = {
			isa = PBXGroup;
			children = (
				C1AEBD032913F4D300CAD90A /* AppNotificaUITests.swift */,
				C1AEBD052913F4D300CAD90A /* AppNotificaUITestsLaunchTests.swift */,
			);
			path = AppNotificaUITests;
			sourceTree = "<group>";
		};
/* End PBXGroup section */

/* Begin PBXNativeTarget section */
		C1AEBCDB2913F4D000CAD90A /* AppNotifica */ = {
			isa = PBXNativeTarget;
			buildConfigurationList = C1AEBD092913F4D300CAD90A /* Build configuration list for PBXNativeTarget "AppNotifica" */;
			buildPhases = (
				C1AEBCD82913F4D000CAD90A /* Sources */,
				C1AEBCD92913F4D000CAD90A /* Frameworks */,
				C1AEBCDA2913F4D000CAD90A /* Resources */,
			);
			buildRules = (
			);
			dependencies = (
			);
			name = AppNotifica;
			productName = AppNotifica;
			productReference = C1AEBCDC2913F4D000CAD90A /* AppNotifica.app */;
			productType = "com.apple.product-type.application";
		};
		C1AEBCF42913F4D300CAD90A /* AppNotificaTests */ = {
			isa = PBXNativeTarget;
			buildConfigurationList = C1AEBD0C2913F4D300CAD90A /* Build configuration list for PBXNativeTarget "AppNotificaTests" */;
			buildPhases = (
				C1AEBCF12913F4D300CAD90A /* Sources */,
				C1AEBCF22913F4D300CAD90A /* Frameworks */,
				C1AEBCF32913F4D300CAD90A /* Resources */,
			);
			buildRules = (
			);
			dependencies = (
				C1AEBCF72913F4D300CAD90A /* PBXTargetDependency */,
			);
			name = AppNotificaTests;
			productName = AppNotificaTests;
			productReference = C1AEBCF52913F4D300CAD90A /* AppNotificaTests.xctest */;
			productType = "com.apple.product-type.bundle.unit-test";
		};
		C1AEBCFE2913F4D300CAD90A /* AppNotificaUITests */ = {
			isa = PBXNativeTarget;
			buildConfigurationList = C1AEBD0F2913F4D300CAD90A /* Build configuration list for PBXNativeTarget "AppNotificaUITests" */;
			buildPhases = (
				C1AEBCFB2913F4D300CAD90A /* Sources */,
				C1AEBCFC2913F4D300CAD90A /* Frameworks */,
				C1AEBCFD2913F4D300CAD90A /* Resources */,
			);
			buildRules = (
			);
			dependencies = (
				C1AEBD012913F4D300CAD90A /* PBXTargetDependency */,
			);
			name = AppNotificaUITests;
			productName = AppNotificaUITests;
			productReference = C1AEBCFF2913F4D300CAD90A /* AppNotificaUITests.xctest */;
			productType = "com.apple.product-type.bundle.ui-testing";
		};
/* End PBXNativeTarget section */

/* Begin PBXProject section */
		C1AEBCD42913F4D000CAD90A /* Project object */ = {
			isa = PBXProject;
			attributes = {
				BuildIndependentTargetsInParallel = 1;
				LastSwiftUpdateCheck = 1400;
				LastUpgradeCheck = 1400;
				TargetAttributes = {
					C1AEBCDB2913F4D000CAD90A = {
						CreatedOnToolsVersion = 14.0.1;
					};
					C1AEBCF42913F4D300CAD90A = {
						CreatedOnToolsVersion = 14.0.1;
						TestTargetID = C1AEBCDB2913F4D000CAD90A;
					};
					C1AEBCFE2913F4D300CAD90A = {
						CreatedOnToolsVersion = 14.0.1;
						TestTargetID = C1AEBCDB2913F4D000CAD90A;
					};
				};
			};
			buildConfigurationList = C1AEBCD72913F4D000CAD90A /* Build configuration list for PBXProject "AppNotifica" */;
			compatibilityVersion = "Xcode 14.0";
			developmentRegion = en;
			hasScannedForEncodings = 0;
			knownRegions = (
				en,
				Base,
			);
			mainGroup = C1AEBCD32913F4D000CAD90A;
			productRefGroup = C1AEBCDD2913F4D000CAD90A /* Products */;
			projectDirPath = "";
			projectRoot = "";
			targets = (
				C1AEBCDB2913F4D000CAD90A /* AppNotifica */,
				C1AEBCF42913F4D300CAD90A /* AppNotificaTests */,
				C1AEBCFE2913F4D300CAD90A /* AppNotificaUITests */,
			);
		};
/* End PBXProject section */

/* Begin PBXResourcesBuildPhase section */
		C1AEBCDA2913F4D000CAD90A /* Resources */ = {
			isa = PBXResourcesBuildPhase;
			buildActionMask = 2147483647;
			files = (
				C1AEBCEF2913F4D200CAD90A /* LaunchScreen.storyboard in Resources */,
				C1AEBCEC2913F4D200CAD90A /* Assets.xcassets in Resources */,
				C1AEBCE72913F4D000CAD90A /* Main.storyboard in Resources */,
			);
			runOnlyForDeploymentPostprocessing = 0;
		};
		C1AEBCF32913F4D300CAD90A /* Resources */ = {
			isa = PBXResourcesBuildPhase;
			buildActionMask = 2147483647;
			files = (
			);
			runOnlyForDeploymentPostprocessing = 0;
		};
		C1AEBCFD2913F4D300CAD90A /* Resources */ = {
			isa = PBXResourcesBuildPhase;
			buildActionMask = 2147483647;
			files = (
			);
			runOnlyForDeploymentPostprocessing = 0;
		};
/* End PBXResourcesBuildPhase section */

/* Begin PBXSourcesBuildPhase section */
		C1AEBCD82913F4D000CAD90A /* Sources */ = {
			isa = PBXSourcesBuildPhase;
			buildActionMask = 2147483647;
			files = (
				C1AEBCE42913F4D000CAD90A /* ViewController.swift in Sources */,
				C1AEBCE02913F4D000CAD90A /* AppDelegate.swift in Sources */,
				C1AEBCEA2913F4D000CAD90A /* AppNotifica.xcdatamodeld in Sources */,
				C1AEBCE22913F4D000CAD90A /* SceneDelegate.swift in Sources */,
			);
			runOnlyForDeploymentPostprocessing = 0;
		};
		C1AEBCF12913F4D300CAD90A /* Sources */ = {
			isa = PBXSourcesBuildPhase;
			buildActionMask = 2147483647;
			files = (
				C1AEBCFA2913F4D300CAD90A /* AppNotificaTests.swift in Sources */,
			);
			runOnlyForDeploymentPostprocessing = 0;
		};
		C1AEBCFB2913F4D300CAD90A /* Sources */ = {
			isa = PBXSourcesBuildPhase;
			buildActionMask = 2147483647;
			files = (
				C1AEBD042913F4D300CAD90A /* AppNotificaUITests.swift in Sources */,
				C1AEBD062913F4D300CAD90A /* AppNotificaUITestsLaunchTests.swift in Sources */,
			);
			runOnlyForDeploymentPostprocessing = 0;
		};
/* End PBXSourcesBuildPhase section */

/* Begin PBXTargetDependency section */
		C1AEBCF72913F4D300CAD90A /* PBXTargetDependency */ = {
			isa = PBXTargetDependency;
			target = C1AEBCDB2913F4D000CAD90A /* AppNotifica */;
			targetProxy = C1AEBCF62913F4D300CAD90A /* PBXContainerItemProxy */;
		};
		C1AEBD012913F4D300CAD90A /* PBXTargetDependency */ = {
			isa = PBXTargetDependency;
			target = C1AEBCDB2913F4D000CAD90A /* AppNotifica */;
			targetProxy = C1AEBD002913F4D300CAD90A /* PBXContainerItemProxy */;
		};
/* End PBXTargetDependency section */

/* Begin PBXVariantGroup section */
		C1AEBCE52913F4D000CAD90A /* Main.storyboard */ = {
			isa = PBXVariantGroup;
			children = (
				C1AEBCE62913F4D000CAD90A /* Base */,
			);
			name = Main.storyboard;
			sourceTree = "<group>";
		};
		C1AEBCED2913F4D200CAD90A /* LaunchScreen.storyboard */ = {
			isa = PBXVariantGroup;
			children = (
				C1AEBCEE2913F4D200CAD90A /* Base */,
			);
			name = LaunchScreen.storyboard;
			sourceTree = "<group>";
		};
/* End PBXVariantGroup section */

/* Begin XCBuildConfiguration section */
		C1AEBD072913F4D300CAD90A /* Debug */ = {
			isa = XCBuildConfiguration;
			buildSettings = {
				ALWAYS_SEARCH_USER_PATHS = NO;
				CLANG_ANALYZER_NONNULL = YES;
				CLANG_ANALYZER_NUMBER_OBJECT_CONVERSION = YES_AGGRESSIVE;
				CLANG_CXX_LANGUAGE_STANDARD = "gnu++20";
				CLANG_ENABLE_MODULES = YES;
				CLANG_ENABLE_OBJC_ARC = YES;
				CLANG_ENABLE_OBJC_WEAK = YES;
				CLANG_WARN_BLOCK_CAPTURE_AUTORELEASING = YES;
				CLANG_WARN_BOOL_CONVERSION = YES;
				CLANG_WARN_COMMA = YES;
				CLANG_WARN_CONSTANT_CONVERSION = YES;
				CLANG_WARN_DEPRECATED_OBJC_IMPLEMENTATIONS = YES;
				CLANG_WARN_DIRECT_OBJC_ISA_USAGE = YES_ERROR;
				CLANG_WARN_DOCUMENTATION_COMMENTS = YES;
				CLANG_WARN_EMPTY_BODY = YES;
				CLANG_WARN_ENUM_CONVERSION = YES;
				CLANG_WARN_INFINITE_RECURSION = YES;
				CLANG_WARN_INT_CONVERSION = YES;
				CLANG_WARN_NON_LITERAL_NULL_CONVERSION = YES;
				CLANG_WARN_OBJC_IMPLICIT_RETAIN_SELF = YES;
				CLANG_WARN_OBJC_LITERAL_CONVERSION = YES;
				CLANG_WARN_OBJC_ROOT_CLASS = YES_ERROR;
				CLANG_WARN_QUOTED_INCLUDE_IN_FRAMEWORK_HEADER = YES;
				CLANG_WARN_RANGE_LOOP_ANALYSIS = YES;
				CLANG_WARN_STRICT_PROTOTYPES = YES;
				CLANG_WARN_SUSPICIOUS_MOVE = YES;
				CLANG_WARN_UNGUARDED_AVAILABILITY = YES_AGGRESSIVE;
				CLANG_WARN_UNREACHABLE_CODE = YES;
				CLANG_WARN__DUPLICATE_METHOD_MATCH = YES;
				COPY_PHASE_STRIP = NO;
				DEBUG_INFORMATION_FORMAT = dwarf;
				ENABLE_STRICT_OBJC_MSGSEND = YES;
				ENABLE_TESTABILITY = YES;
				GCC_C_LANGUAGE_STANDARD = gnu11;
				GCC_DYNAMIC_NO_PIC = NO;
				GCC_NO_COMMON_BLOCKS = YES;
				GCC_OPTIMIZATION_LEVEL = 0;
				GCC_PREPROCESSOR_DEFINITIONS = (
					"DEBUG=1",
					"$(inherited)",
				);
				GCC_WARN_64_TO_32_BIT_CONVERSION = YES;
				GCC_WARN_ABOUT_RETURN_TYPE = YES_ERROR;
				GCC_WARN_UNDECLARED_SELECTOR = YES;
				GCC_WARN_UNINITIALIZED_AUTOS = YES_AGGRESSIVE;
				GCC_WARN_UNUSED_FUNCTION = YES;
				GCC_WARN_UNUSED_VARIABLE = YES;
				IPHONEOS_DEPLOYMENT_TARGET = 16.0;
				MTL_ENABLE_DEBUG_INFO = INCLUDE_SOURCE;
				MTL_FAST_MATH = YES;
				ONLY_ACTIVE_ARCH = YES;
				SDKROOT = iphoneos;
				SWIFT_ACTIVE_COMPILATION_CONDITIONS = DEBUG;
				SWIFT_OPTIMIZATION_LEVEL = "-Onone";
			};
			name = Debug;
		};
		C1AEBD082913F4D300CAD90A /* Release */ = {
			isa = XCBuildConfiguration;
			buildSettings = {
				ALWAYS_SEARCH_USER_PATHS = NO;
				CLANG_ANALYZER_NONNULL = YES;
				CLANG_ANALYZER_NUMBER_OBJECT_CONVERSION = YES_AGGRESSIVE;
				CLANG_CXX_LANGUAGE_STANDARD = "gnu++20";
				CLANG_ENABLE_MODULES = YES;
				CLANG_ENABLE_OBJC_ARC = YES;
				CLANG_ENABLE_OBJC_WEAK = YES;
				CLANG_WARN_BLOCK_CAPTURE_AUTORELEASING = YES;
				CLANG_WARN_BOOL_CONVERSION = YES;
				CLANG_WARN_COMMA = YES;
				CLANG_WARN_CONSTANT_CONVERSION = YES;
				CLANG_WARN_DEPRECATED_OBJC_IMPLEMENTATIONS = YES;
				CLANG_WARN_DIRECT_OBJC_ISA_USAGE = YES_ERROR;
				CLANG_WARN_DOCUMENTATION_COMMENTS = YES;
				CLANG_WARN_EMPTY_BODY = YES;
				CLANG_WARN_ENUM_CONVERSION = YES;
				CLANG_WARN_INFINITE_RECURSION = YES;
				CLANG_WARN_INT_CONVERSION = YES;
				CLANG_WARN_NON_LITERAL_NULL_CONVERSION = YES;
				CLANG_WARN_OBJC_IMPLICIT_RETAIN_SELF = YES;
				CLANG_WARN_OBJC_LITERAL_CONVERSION = YES;
				CLANG_WARN_OBJC_ROOT_CLASS = YES_ERROR;
				CLANG_WARN_QUOTED_INCLUDE_IN_FRAMEWORK_HEADER = YES;
				CLANG_WARN_RANGE_LOOP_ANALYSIS = YES;
				CLANG_WARN_STRICT_PROTOTYPES = YES;
				CLANG_WARN_SUSPICIOUS_MOVE = YES;
				CLANG_WARN_UNGUARDED_AVAILABILITY = YES_AGGRESSIVE;
				CLANG_WARN_UNREACHABLE_CODE = YES;
				CLANG_WARN__DUPLICATE_METHOD_MATCH = YES;
				COPY_PHASE_STRIP = NO;
				DEBUG_INFORMATION_FORMAT = "dwarf-with-dsym";
				ENABLE_NS_ASSERTIONS = NO;
				ENABLE_STRICT_OBJC_MSGSEND = YES;
				GCC_C_LANGUAGE_STANDARD = gnu11;
				GCC_NO_COMMON_BLOCKS = YES;
				GCC_WARN_64_TO_32_BIT_CONVERSION = YES;
				GCC_WARN_ABOUT_RETURN_TYPE = YES_ERROR;
				GCC_WARN_UNDECLARED_SELECTOR = YES;
				GCC_WARN_UNINITIALIZED_AUTOS = YES_AGGRESSIVE;
				GCC_WARN_UNUSED_FUNCTION = YES;
				GCC_WARN_UNUSED_VARIABLE = YES;
				IPHONEOS_DEPLOYMENT_TARGET = 16.0;
				MTL_ENABLE_DEBUG_INFO = NO;
				MTL_FAST_MATH = YES;
				SDKROOT = iphoneos;
				SWIFT_COMPILATION_MODE = wholemodule;
				SWIFT_OPTIMIZATION_LEVEL = "-O";
				VALIDATE_PRODUCT = YES;
			};
			name = Release;
		};
		C1AEBD0A2913F4D300CAD90A /* Debug */ = {
			isa = XCBuildConfiguration;
			buildSettings = {
				ASSETCATALOG_COMPILER_APPICON_NAME = AppIcon;
				ASSETCATALOG_COMPILER_GLOBAL_ACCENT_COLOR_NAME = AccentColor;
				CODE_SIGN_STYLE = Automatic;
				CURRENT_PROJECT_VERSION = 1;
				DEVELOPMENT_TEAM = M22KBDUTRV;
				GENERATE_INFOPLIST_FILE = YES;
				INFOPLIST_FILE = AppNotifica/Info.plist;
				INFOPLIST_KEY_UIApplicationSupportsIndirectInputEvents = YES;
				INFOPLIST_KEY_UILaunchStoryboardName = LaunchScreen;
				INFOPLIST_KEY_UIMainStoryboardFile = Main;
				INFOPLIST_KEY_UISupportedInterfaceOrientations_iPad = "UIInterfaceOrientationPortrait UIInterfaceOrientationPortraitUpsideDown UIInterfaceOrientationLandscapeLeft UIInterfaceOrientationLandscapeRight";
				INFOPLIST_KEY_UISupportedInterfaceOrientations_iPhone = "UIInterfaceOrientationPortrait UIInterfaceOrientationLandscapeLeft UIInterfaceOrientationLandscapeRight";
				LD_RUNPATH_SEARCH_PATHS = (
					"$(inherited)",
					"@executable_path/Frameworks",
				);
				MARKETING_VERSION = 1.0;
				PRODUCT_BUNDLE_IDENTIFIER = br.edu.ifb.AppNotifica;
				PRODUCT_NAME = "$(TARGET_NAME)";
				SWIFT_EMIT_LOC_STRINGS = YES;
				SWIFT_VERSION = 5.0;
				TARGETED_DEVICE_FAMILY = "1,2";
			};
			name = Debug;
		};
		C1AEBD0B2913F4D300CAD90A /* Release */ = {
			isa = XCBuildConfiguration;
			buildSettings = {
				ASSETCATALOG_COMPILER_APPICON_NAME = AppIcon;
				ASSETCATALOG_COMPILER_GLOBAL_ACCENT_COLOR_NAME = AccentColor;
				CODE_SIGN_STYLE = Automatic;
				CURRENT_PROJECT_VERSION = 1;
				DEVELOPMENT_TEAM = M22KBDUTRV;
				GENERATE_INFOPLIST_FILE = YES;
				INFOPLIST_FILE = AppNotifica/Info.plist;
				INFOPLIST_KEY_UIApplicationSupportsIndirectInputEvents = YES;
				INFOPLIST_KEY_UILaunchStoryboardName = LaunchScreen;
				INFOPLIST_KEY_UIMainStoryboardFile = Main;
				INFOPLIST_KEY_UISupportedInterfaceOrientations_iPad = "UIInterfaceOrientationPortrait UIInterfaceOrientationPortraitUpsideDown UIInterfaceOrientationLandscapeLeft UIInterfaceOrientationLandscapeRight";
				INFOPLIST_KEY_UISupportedInterfaceOrientations_iPhone = "UIInterfaceOrientationPortrait UIInterfaceOrientationLandscapeLeft UIInterfaceOrientationLandscapeRight";
				LD_RUNPATH_SEARCH_PATHS = (
					"$(inherited)",
					"@executable_path/Frameworks",
				);
				MARKETING_VERSION = 1.0;
				PRODUCT_BUNDLE_IDENTIFIER = br.edu.ifb.AppNotifica;
				PRODUCT_NAME = "$(TARGET_NAME)";
				SWIFT_EMIT_LOC_STRINGS = YES;
				SWIFT_VERSION = 5.0;
				TARGETED_DEVICE_FAMILY = "1,2";
			};
			name = Release;
		};
		C1AEBD0D2913F4D300CAD90A /* Debug */ = {
			isa = XCBuildConfiguration;
			buildSettings = {
				ALWAYS_EMBED_SWIFT_STANDARD_LIBRARIES = YES;
				BUNDLE_LOADER = "$(TEST_HOST)";
				CODE_SIGN_STYLE = Automatic;
				CURRENT_PROJECT_VERSION = 1;
				DEVELOPMENT_TEAM = M22KBDUTRV;
				GENERATE_INFOPLIST_FILE = YES;
				IPHONEOS_DEPLOYMENT_TARGET = 16.0;
				MARKETING_VERSION = 1.0;
				PRODUCT_BUNDLE_IDENTIFIER = br.edu.ifb.AppNotificaTests;
				PRODUCT_NAME = "$(TARGET_NAME)";
				SWIFT_EMIT_LOC_STRINGS = NO;
				SWIFT_VERSION = 5.0;
				TARGETED_DEVICE_FAMILY = "1,2";
				TEST_HOST = "$(BUILT_PRODUCTS_DIR)/AppNotifica.app/$(BUNDLE_EXECUTABLE_FOLDER_PATH)/AppNotifica";
			};
			name = Debug;
		};
		C1AEBD0E2913F4D300CAD90A /* Release */ = {
			isa = XCBuildConfiguration;
			buildSettings = {
				ALWAYS_EMBED_SWIFT_STANDARD_LIBRARIES = YES;
				BUNDLE_LOADER = "$(TEST_HOST)";
				CODE_SIGN_STYLE = Automatic;
				CURRENT_PROJECT_VERSION = 1;
				DEVELOPMENT_TEAM = M22KBDUTRV;
				GENERATE_INFOPLIST_FILE = YES;
				IPHONEOS_DEPLOYMENT_TARGET = 16.0;
				MARKETING_VERSION = 1.0;
				PRODUCT_BUNDLE_IDENTIFIER = br.edu.ifb.AppNotificaTests;
				PRODUCT_NAME = "$(TARGET_NAME)";
				SWIFT_EMIT_LOC_STRINGS = NO;
				SWIFT_VERSION = 5.0;
				TARGETED_DEVICE_FAMILY = "1,2";
				TEST_HOST = "$(BUILT_PRODUCTS_DIR)/AppNotifica.app/$(BUNDLE_EXECUTABLE_FOLDER_PATH)/AppNotifica";
			};
			name = Release;
		};
		C1AEBD102913F4D300CAD90A /* Debug */ = {
			isa = XCBuildConfiguration;
			buildSettings = {
				ALWAYS_EMBED_SWIFT_STANDARD_LIBRARIES = YES;
				CODE_SIGN_STYLE = Automatic;
				CURRENT_PROJECT_VERSION = 1;
				DEVELOPMENT_TEAM = M22KBDUTRV;
				GENERATE_INFOPLIST_FILE = YES;
				MARKETING_VERSION = 1.0;
				PRODUCT_BUNDLE_IDENTIFIER = br.edu.ifb.AppNotificaUITests;
				PRODUCT_NAME = "$(TARGET_NAME)";
				SWIFT_EMIT_LOC_STRINGS = NO;
				SWIFT_VERSION = 5.0;
				TARGETED_DEVICE_FAMILY = "1,2";
				TEST_TARGET_NAME = AppNotifica;
			};
			name = Debug;
		};
		C1AEBD112913F4D300CAD90A /* Release */ = {
			isa = XCBuildConfiguration;
			buildSettings = {
				ALWAYS_EMBED_SWIFT_STANDARD_LIBRARIES = YES;
				CODE_SIGN_STYLE = Automatic;
				CURRENT_PROJECT_VERSION = 1;
				DEVELOPMENT_TEAM = M22KBDUTRV;
				GENERATE_INFOPLIST_FILE = YES;
				MARKETING_VERSION = 1.0;
				PRODUCT_BUNDLE_IDENTIFIER = br.edu.ifb.AppNotificaUITests;
				PRODUCT_NAME = "$(TARGET_NAME)";
				SWIFT_EMIT_LOC_STRINGS = NO;
				SWIFT_VERSION = 5.0;
				TARGETED_DEVICE_FAMILY = "1,2";
				TEST_TARGET_NAME = AppNotifica;
			};
			name = Release;
		};
/* End XCBuildConfiguration section */

/* Begin XCConfigurationList section */
		C1AEBCD72913F4D000CAD90A /* Build configuration list for PBXProject "AppNotifica" */ = {
			isa = XCConfigurationList;
			buildConfigurations = (
				C1AEBD072913F4D300CAD90A /* Debug */,
				C1AEBD082913F4D300CAD90A /* Release */,
			);
			defaultConfigurationIsVisible = 0;
			defaultConfigurationName = Release;
		};
		C1AEBD092913F4D300CAD90A /* Build configuration list for PBXNativeTarget "AppNotifica" */ = {
			isa = XCConfigurationList;
			buildConfigurations = (
				C1AEBD0A2913F4D300CAD90A /* Debug */,
				C1AEBD0B2913F4D300CAD90A /* Release */,
			);
			defaultConfigurationIsVisible = 0;
			defaultConfigurationName = Release;
		};
		C1AEBD0C2913F4D300CAD90A /* Build configuration list for PBXNativeTarget "AppNotificaTests" */ = {
			isa = XCConfigurationList;
			buildConfigurations = (
				C1AEBD0D2913F4D300CAD90A /* Debug */,
				C1AEBD0E2913F4D300CAD90A /* Release */,
			);
			defaultConfigurationIsVisible = 0;
			defaultConfigurationName = Release;
		};
		C1AEBD0F2913F4D300CAD90A /* Build configuration list for PBXNativeTarget "AppNotificaUITests" */ = {
			isa = XCConfigurationList;
			buildConfigurations = (
				C1AEBD102913F4D300CAD90A /* Debug */,
				C1AEBD112913F4D300CAD90A /* Release */,
			);
			defaultConfigurationIsVisible = 0;
			defaultConfigurationName = Release;
		};
/* End XCConfigurationList section */

/* Begin XCVersionGroup section */
		C1AEBCE82913F4D000CAD90A /* AppNotifica.xcdatamodeld */ = {
			isa = XCVersionGroup;
			children = (
				C1AEBCE92913F4D000CAD90A /* AppNotifica.xcdatamodel */,
			);
			currentVersion = C1AEBCE92913F4D000CAD90A /* AppNotifica.xcdatamodel */;
			path = AppNotifica.xcdatamodeld;
			sourceTree = "<group>";
			versionGroupType = wrapper.xcdatamodel;
		};
/* End XCVersionGroup section */
	};
	rootObject = C1AEBCD42913F4D000CAD90A /* Project object */;
}
